
Microsoft Visual Studio Solution File, Format Version 12.00
# Visual Studio 15
Project("{FAE04EC0-301F-11D3-BF4B-00C04F79EFBC}") = "Assembly-CSharp", "Assembly-CSharp.csproj", "{2CA1F02D-8730-6547-19B3-9D007FF0D887}"
EndProject
Project("{FAE04EC0-301F-11D3-BF4B-00C04F79EFBC}") = "Assembly-CSharp-firstpass", "Assembly-CSharp-firstpass.csproj", "{79540797-C8FB-0EB8-1EFF-A513A1433302}"
EndProject
Project("{FAE04EC0-301F-11D3-BF4B-00C04F79EFBC}") = "Assembly-CSharp-Editor", "Assembly-CSharp-Editor.csproj", "{3C5428BF-CA4A-88B2-8FC6-B2EDF528B3F5}"
EndProject
Global
	GlobalSection(SolutionConfigurationPlatforms) = preSolution
		Debug|Any CPU = Debug|Any CPU
		Release|Any CPU = Release|Any CPU
	EndGlobalSection
	GlobalSection(ProjectConfigurationPlatforms) = postSolution
		{2CA1F02D-8730-6547-19B3-9D007FF0D887}.Debug|Any CPU.ActiveCfg = Debug|Any CPU
		{2CA1F02D-8730-6547-19B3-9D007FF0D887}.Debug|Any CPU.Build.0 = Debug|Any CPU
		{2CA1F02D-8730-6547-19B3-9D007FF0D887}.Release|Any CPU.ActiveCfg = Release|Any CPU
		{2CA1F02D-8730-6547-19B3-9D007FF0D887}.Release|Any CPU.Build.0 = Release|Any CPU
		{79540797-C8FB-0EB8-1EFF-A513A1433302}.Debug|Any CPU.ActiveCfg = Debug|Any CPU
		{79540797-C8FB-0EB8-1EFF-A513A1433302}.Debug|Any CPU.Build.0 = Debug|Any CPU
		{79540797-C8FB-0EB8-1EFF-A513A1433302}.Release|Any CPU.ActiveCfg = Release|Any CPU
		{79540797-C8FB-0EB8-1EFF-A513A1433302}.Release|Any CPU.Build.0 = Release|Any CPU
		{3C5428BF-CA4A-88B2-8FC6-B2EDF528B3F5}.Debug|Any CPU.ActiveCfg = Debug|Any CPU
		{3C5428BF-CA4A-88B2-8FC6-B2EDF528B3F5}.Debug|Any CPU.Build.0 = Debug|Any CPU
		{3C5428BF-CA4A-88B2-8FC6-B2EDF528B3F5}.Release|Any CPU.ActiveCfg = Release|Any CPU
		{3C5428BF-CA4A-88B2-8FC6-B2EDF528B3F5}.Release|Any CPU.Build.0 = Release|Any CPU
	EndGlobalSection
	GlobalSection(SolutionProperties) = preSolution
		HideSolutionNode = FALSE
	EndGlobalSection
EndGlobal
